
Microsoft Visual Studio Solution File, Format Version 12.00
# Visual Studio Version 17
VisualStudioVersion = 17.9.34728.123
MinimumVisualStudioVersion = 10.0.40219.1
Project("{FAE04EC0-301F-11D3-BF4B-00C04F79EFBC}") = "BankStateApplication", "BankStateApplication.csproj", "{ACD3CAC9-868E-4077-A2A7-87ECE80DAB45}"
EndProject
Global
	GlobalSection(SolutionConfigurationPlatforms) = preSolution
		Debug|Any CPU = Debug|Any CPU
		Release|Any CPU = Release|Any CPU
	EndGlobalSection
	GlobalSection(ProjectConfigurationPlatforms) = postSolution
		{ACD3CAC9-868E-4077-A2A7-87ECE80DAB45}.Debug|Any CPU.ActiveCfg = Debug|Any CPU
		{ACD3CAC9-868E-4077-A2A7-87ECE80DAB45}.Debug|Any CPU.Build.0 = Debug|Any CPU
		{ACD3CAC9-868E-4077-A2A7-87ECE80DAB45}.Release|Any CPU.ActiveCfg = Release|Any CPU
		{ACD3CAC9-868E-4077-A2A7-87ECE80DAB45}.Release|Any CPU.Build.0 = Release|Any CPU
	EndGlobalSection
	GlobalSection(SolutionProperties) = preSolution
		HideSolutionNode = FALSE
	EndGlobalSection
	GlobalSection(ExtensibilityGlobals) = postSolution
		SolutionGuid = {FF4087CD-F651-4154-B649-416F8CCA8D89}
	EndGlobalSection
EndGlobal
